
Microsoft Visual Studio Solution File, Format Version 12.00
# Visual Studio Version 16
VisualStudioVersion = 16.0.29306.81
MinimumVisualStudioVersion = 10.0.40219.1
Project("{FAE04EC0-301F-11D3-BF4B-00C04F79EFBC}") = "WestBot", "WestBot.csproj", "{A91C65FD-473A-441C-89F6-EC552F6D57E1}"
EndProject
Global
	GlobalSection(SolutionConfigurationPlatforms) = preSolution
		Debug|Any CPU = Debug|Any CPU
		Release|Any CPU = Release|Any CPU
	EndGlobalSection
	GlobalSection(ProjectConfigurationPlatforms) = postSolution
		{A91C65FD-473A-441C-89F6-EC552F6D57E1}.Debug|Any CPU.ActiveCfg = Debug|Any CPU
		{A91C65FD-473A-441C-89F6-EC552F6D57E1}.Debug|Any CPU.Build.0 = Debug|Any CPU
		{A91C65FD-473A-441C-89F6-EC552F6D57E1}.Release|Any CPU.ActiveCfg = Release|Any CPU
		{A91C65FD-473A-441C-89F6-EC552F6D57E1}.Release|Any CPU.Build.0 = Release|Any CPU
	EndGlobalSection
	GlobalSection(SolutionProperties) = preSolution
		HideSolutionNode = FALSE
	EndGlobalSection
	GlobalSection(ExtensibilityGlobals) = postSolution
		SolutionGuid = {D0FA2B2C-36A0-413B-9384-8B9DC5A64306}
	EndGlobalSection
EndGlobal
